// !$*UTF8*$!
{
	archiveVersion = 1;
	classes = {
	};
	objectVersion = 50;
	objects = {

/* Begin PBXBuildFile section */
		8687DC3D227CCACD00D29D82 /* AppDelegate.swift in Sources */ = {isa = PBXBuildFile; fileRef = 8687DC3C227CCACD00D29D82 /* AppDelegate.swift */; };
		8687DC3F227CCACD00D29D82 /* ViewController.swift in Sources */ = {isa = PBXBuildFile; fileRef = 8687DC3E227CCACD00D29D82 /* ViewController.swift */; };
		8687DC42227CCACD00D29D82 /* Main.storyboard in Resources */ = {isa = PBXBuildFile; fileRef = 8687DC40227CCACD00D29D82 /* Main.storyboard */; };
		8687DC44227CCACF00D29D82 /* Assets.xcassets in Resources */ = {isa = PBXBuildFile; fileRef = 8687DC43227CCACF00D29D82 /* Assets.xcassets */; };
		8687DC47227CCACF00D29D82 /* LaunchScreen.storyboard in Resources */ = {isa = PBXBuildFile; fileRef = 8687DC45227CCACF00D29D82 /* LaunchScreen.storyboard */; };
		8687DC50227CCAF400D29D82 /* Model.xcdatamodeld in Sources */ = {isa = PBXBuildFile; fileRef = 8687DC4E227CCAF400D29D82 /* Model.xcdatamodeld */; };
		8687DC52227CD2B500D29D82 /* CRUD.swift in Sources */ = {isa = PBXBuildFile; fileRef = 8687DC51227CD2B500D29D82 /* CRUD.swift */; };
/* End PBXBuildFile section */

/* Begin PBXFileReference section */
		8687DC39227CCACD00D29D82 /* CoreDataTemplate.app */ = {isa = PBXFileReference; explicitFileType = wrapper.application; includeInIndex = 0; path = CoreDataTemplate.app; sourceTree = BUILT_PRODUCTS_DIR; };
		8687DC3C227CCACD00D29D82 /* AppDelegate.swift */ = {isa = PBXFileReference; lastKnownFileType = sourcecode.swift; path = AppDelegate.swift; sourceTree = "<group>"; };
		8687DC3E227CCACD00D29D82 /* ViewController.swift */ = {isa = PBXFileReference; lastKnownFileType = sourcecode.swift; path = ViewController.swift; sourceTree = "<group>"; };
		8687DC41227CCACD00D29D82 /* Base */ = {isa = PBXFileReference; lastKnownFileType = file.storyboard; name = Base; path = Base.lproj/Main.storyboard; sourceTree = "<group>"; };
		8687DC43227CCACF00D29D82 /* Assets.xcassets */ = {isa = PBXFileReference; lastKnownFileType = folder.assetcatalog; path = Assets.xcassets; sourceTree = "<group>"; };
		8687DC46227CCACF00D29D82 /* Base */ = {isa = PBXFileReference; lastKnownFileType = file.storyboard; name = Base; path = Base.lproj/LaunchScreen.storyboard; sourceTree = "<group>"; };
		8687DC48227CCACF00D29D82 /* Info.plist */ = {isa = PBXFileReference; lastKnownFileType = text.plist.xml; path = Info.plist; sourceTree = "<group>"; };
		8687DC4F227CCAF400D29D82 /* Model.xcdatamodel */ = {isa = PBXFileReference; lastKnownFileType = wrapper.xcdatamodel; path = Model.xcdatamodel; sourceTree = "<group>"; };
		8687DC51227CD2B500D29D82 /* CRUD.swift */ = {isa = PBXFileReference; lastKnownFileType = sourcecode.swift; path = CRUD.swift; sourceTree = "<group>"; };
/* End PBXFileReference section */

/* Begin PBXFrameworksBuildPhase section */
		8687DC36227CCACD00D29D82 /* Frameworks */ = {
			isa = PBXFrameworksBuildPhase;
			buildActionMask = 2147483647;
			files = (
			);
			runOnlyForDeploymentPostprocessing = 0;
		};
/* End PBXFrameworksBuildPhase section */

/* Begin PBXGroup section */
		8687DC30227CCACD00D29D82 = {
			isa = PBXGroup;
			children = (
				8687DC3B227CCACD00D29D82 /* CoreDataTemplate */,
				8687DC3A227CCACD00D29D82 /* Products */,
			);
			sourceTree = "<group>";
		};
		8687DC3A227CCACD00D29D82 /* Products */ = {
			isa = PBXGroup;
			children = (
				8687DC39227CCACD00D29D82 /* CoreDataTemplate.app */,
			);
			name = Products;
			sourceTree = "<group>";
		};
		8687DC3B227CCACD00D29D82 /* CoreDataTemplate */ = {
			isa = PBXGroup;
			children = (
				8687DC3C227CCACD00D29D82 /* AppDelegate.swift */,
				8687DC3E227CCACD00D29D82 /* ViewController.swift */,
				8687DC51227CD2B500D29D82 /* CRUD.swift */,
				8687DC40227CCACD00D29D82 /* Main.storyboard */,
				8687DC43227CCACF00D29D82 /* Assets.xcassets */,
				8687DC45227CCACF00D29D82 /* LaunchScreen.storyboard */,
				8687DC48227CCACF00D29D82 /* Info.plist */,
				8687DC4E227CCAF400D29D82 /* Model.xcdatamodeld */,
			);
			path = CoreDataTemplate;
			sourceTree = "<group>";
		};
/* End PBXGroup section */

/* Begin PBXNativeTarget section */
		8687DC38227CCACD00D29D82 /* CoreDataTemplate */ = {
			isa = PBXNativeTarget;
			buildConfigurationList = 8687DC4B227CCACF00D29D82 /* Build configuration list for PBXNativeTarget "CoreDataTemplate" */;
			buildPhases = (
				8687DC35227CCACD00D29D82 /* Sources */,
				8687DC36227CCACD00D29D82 /* Frameworks */,
				8687DC37227CCACD00D29D82 /* Resources */,
			);
			buildRules = (
			);
			dependencies = (
			);
			name = CoreDataTemplate;
			productName = CoreDataTemplate;
			productReference = 8687DC39227CCACD00D29D82 /* CoreDataTemplate.app */;
			productType = "com.apple.product-type.application";
		};
/* End PBXNativeTarget section */

/* Begin PBXProject section */
		8687DC31227CCACD00D29D82 /* Project object */ = {
			isa = PBXProject;
			attributes = {
				LastSwiftUpdateCheck = 1020;
				LastUpgradeCheck = 1020;
				ORGANIZATIONNAME = "Matheus Gois";
				TargetAttributes = {
					8687DC38227CCACD00D29D82 = {
						CreatedOnToolsVersion = 10.2.1;
					};
				};
			};
			buildConfigurationList = 8687DC34227CCACD00D29D82 /* Build configuration list for PBXProject "CoreDataTemplate" */;
			compatibilityVersion = "Xcode 9.3";
			developmentRegion = en;
			hasScannedForEncodings = 0;
			knownRegions = (
				en,
				Base,
			);
			mainGroup = 8687DC30227CCACD00D29D82;
			productRefGroup = 8687DC3A227CCACD00D29D82 /* Products */;
			projectDirPath = "";
			projectRoot = "";
			targets = (
				8687DC38227CCACD00D29D82 /* CoreDataTemplate */,
			);
		};
/* End PBXProject section */

/* Begin PBXResourcesBuildPhase section */
		8687DC37227CCACD00D29D82 /* Resources */ = {
			isa = PBXResourcesBuildPhase;
			buildActionMask = 2147483647;
			files = (
				8687DC47227CCACF00D29D82 /* LaunchScreen.storyboard in Resources */,
				8687DC44227CCACF00D29D82 /* Assets.xcassets in Resources */,
				8687DC42227CCACD00D29D82 /* Main.storyboard in Resources */,
			);
			runOnlyForDeploymentPostprocessing = 0;
		};
/* End PBXResourcesBuildPhase section */

/* Begin PBXSourcesBuildPhase section */
		8687DC35227CCACD00D29D82 /* Sources */ = {
			isa = PBXSourcesBuildPhase;
			buildActionMask = 2147483647;
			files = (
				8687DC3F227CCACD00D29D82 /* ViewController.swift in Sources */,
				8687DC3D227CCACD00D29D82 /* AppDelegate.swift in Sources */,
				8687DC50227CCAF400D29D82 /* Model.xcdatamodeld in Sources */,
				8687DC52227CD2B500D29D82 /* CRUD.swift in Sources */,
			);
			runOnlyForDeploymentPostprocessing = 0;
		};
/* End PBXSourcesBuildPhase section */

/* Begin PBXVariantGroup section */
		8687DC40227CCACD00D29D82 /* Main.storyboard */ = {
			isa = PBXVariantGroup;
			children = (
				8687DC41227CCACD00D29D82 /* Base */,
			);
			name = Main.storyboard;
			sourceTree = "<group>";
		};
		8687DC45227CCACF00D29D82 /* LaunchScreen.storyboard */ = {
			isa = PBXVariantGroup;
			children = (
				8687DC46227CCACF00D29D82 /* Base */,
			);
			name = LaunchScreen.storyboard;
			sourceTree = "<group>";
		};
/* End PBXVariantGroup section */

/* Begin XCBuildConfiguration section */
		8687DC49227CCACF00D29D82 /* Debug */ = {
			isa = XCBuildConfiguration;
			buildSettings = {
				ALWAYS_SEARCH_USER_PATHS = NO;
				CLANG_ANALYZER_NONNULL = YES;
				CLANG_ANALYZER_NUMBER_OBJECT_CONVERSION = YES_AGGRESSIVE;
				CLANG_CXX_LANGUAGE_STANDARD = "gnu++14";
				CLANG_CXX_LIBRARY = "libc++";
				CLANG_ENABLE_MODULES = YES;
				CLANG_ENABLE_OBJC_ARC = YES;
				CLANG_ENABLE_OBJC_WEAK = YES;
				CLANG_WARN_BLOCK_CAPTURE_AUTORELEASING = YES;
				CLANG_WARN_BOOL_CONVERSION = YES;
				CLANG_WARN_COMMA = YES;
				CLANG_WARN_CONSTANT_CONVERSION = YES;
				CLANG_WARN_DEPRECATED_OBJC_IMPLEMENTATIONS = YES;
				CLANG_WARN_DIRECT_OBJC_ISA_USAGE = YES_ERROR;
				CLANG_WARN_DOCUMENTATION_COMMENTS = YES;
				CLANG_WARN_EMPTY_BODY = YES;
				CLANG_WARN_ENUM_CONVERSION = YES;
				CLANG_WARN_INFINITE_RECURSION = YES;
				CLANG_WARN_INT_CONVERSION = YES;
				CLANG_WARN_NON_LITERAL_NULL_CONVERSION = YES;
				CLANG_WARN_OBJC_IMPLICIT_RETAIN_SELF = YES;
				CLANG_WARN_OBJC_LITERAL_CONVERSION = YES;
				CLANG_WARN_OBJC_ROOT_CLASS = YES_ERROR;
				CLANG_WARN_RANGE_LOOP_ANALYSIS = YES;
				CLANG_WARN_STRICT_PROTOTYPES = YES;
				CLANG_WARN_SUSPICIOUS_MOVE = YES;
				CLANG_WARN_UNGUARDED_AVAILABILITY = YES_AGGRESSIVE;
				CLANG_WARN_UNREACHABLE_CODE = YES;
				CLANG_WARN__DUPLICATE_METHOD_MATCH = YES;
				CODE_SIGN_IDENTITY = "iPhone Developer";
				COPY_PHASE_STRIP = NO;
				DEBUG_INFORMATION_FORMAT = dwarf;
				ENABLE_STRICT_OBJC_MSGSEND = YES;
				ENABLE_TESTABILITY = YES;
				GCC_C_LANGUAGE_STANDARD = gnu11;
				GCC_DYNAMIC_NO_PIC = NO;
				GCC_NO_COMMON_BLOCKS = YES;
				GCC_OPTIMIZATION_LEVEL = 0;
				GCC_PREPROCESSOR_DEFINITIONS = (
					"DEBUG=1",
					"$(inherited)",
				);
				GCC_WARN_64_TO_32_BIT_CONVERSION = YES;
				GCC_WARN_ABOUT_RETURN_TYPE = YES_ERROR;
				GCC_WARN_UNDECLARED_SELECTOR = YES;
				GCC_WARN_UNINITIALIZED_AUTOS = YES_AGGRESSIVE;
				GCC_WARN_UNUSED_FUNCTION = YES;
				GCC_WARN_UNUSED_VARIABLE = YES;
				IPHONEOS_DEPLOYMENT_TARGET = 12.2;
				MTL_ENABLE_DEBUG_INFO = INCLUDE_SOURCE;
				MTL_FAST_MATH = YES;
				ONLY_ACTIVE_ARCH = YES;
				SDKROOT = iphoneos;
				SWIFT_ACTIVE_COMPILATION_CONDITIONS = DEBUG;
				SWIFT_OPTIMIZATION_LEVEL = "-Onone";
			};
			name = Debug;
		};
		8687DC4A227CCACF00D29D82 /* Release */ = {
			isa = XCBuildConfiguration;
			buildSettings = {
				ALWAYS_SEARCH_USER_PATHS = NO;
				CLANG_ANALYZER_NONNULL = YES;
				CLANG_ANALYZER_NUMBER_OBJECT_CONVERSION = YES_AGGRESSIVE;
				CLANG_CXX_LANGUAGE_STANDARD = "gnu++14";
				CLANG_CXX_LIBRARY = "libc++";
				CLANG_ENABLE_MODULES = YES;
				CLANG_ENABLE_OBJC_ARC = YES;
				CLANG_ENABLE_OBJC_WEAK = YES;
				CLANG_WARN_BLOCK_CAPTURE_AUTORELEASING = YES;
				CLANG_WARN_BOOL_CONVERSION = YES;
				CLANG_WARN_COMMA = YES;
				CLANG_WARN_CONSTANT_CONVERSION = YES;
				CLANG_WARN_DEPRECATED_OBJC_IMPLEMENTATIONS = YES;
				CLANG_WARN_DIRECT_OBJC_ISA_USAGE = YES_ERROR;
				CLANG_WARN_DOCUMENTATION_COMMENTS = YES;
				CLANG_WARN_EMPTY_BODY = YES;
				CLANG_WARN_ENUM_CONVERSION = YES;
				CLANG_WARN_INFINITE_RECURSION = YES;
				CLANG_WARN_INT_CONVERSION = YES;
				CLANG_WARN_NON_LITERAL_NULL_CONVERSION = YES;
				CLANG_WARN_OBJC_IMPLICIT_RETAIN_SELF = YES;
				CLANG_WARN_OBJC_LITERAL_CONVERSION = YES;
				CLANG_WARN_OBJC_ROOT_CLASS = YES_ERROR;
				CLANG_WARN_RANGE_LOOP_ANALYSIS = YES;
				CLANG_WARN_STRICT_PROTOTYPES = YES;
				CLANG_WARN_SUSPICIOUS_MOVE = YES;
				CLANG_WARN_UNGUARDED_AVAILABILITY = YES_AGGRESSIVE;
				CLANG_WARN_UNREACHABLE_CODE = YES;
				CLANG_WARN__DUPLICATE_METHOD_MATCH = YES;
				CODE_SIGN_IDENTITY = "iPhone Developer";
				COPY_PHASE_STRIP = NO;
				DEBUG_INFORMATION_FORMAT = "dwarf-with-dsym";
				ENABLE_NS_ASSERTIONS = NO;
				ENABLE_STRICT_OBJC_MSGSEND = YES;
				GCC_C_LANGUAGE_STANDARD = gnu11;
				GCC_NO_COMMON_BLOCKS = YES;
				GCC_WARN_64_TO_32_BIT_CONVERSION = YES;
				GCC_WARN_ABOUT_RETURN_TYPE = YES_ERROR;
				GCC_WARN_UNDECLARED_SELECTOR = YES;
				GCC_WARN_UNINITIALIZED_AUTOS = YES_AGGRESSIVE;
				GCC_WARN_UNUSED_FUNCTION = YES;
				GCC_WARN_UNUSED_VARIABLE = YES;
				IPHONEOS_DEPLOYMENT_TARGET = 12.2;
				MTL_ENABLE_DEBUG_INFO = NO;
				MTL_FAST_MATH = YES;
				SDKROOT = iphoneos;
				SWIFT_COMPILATION_MODE = wholemodule;
				SWIFT_OPTIMIZATION_LEVEL = "-O";
				VALIDATE_PRODUCT = YES;
			};
			name = Release;
		};
		8687DC4C227CCACF00D29D82 /* Debug */ = {
			isa = XCBuildConfiguration;
			buildSettings = {
				ASSETCATALOG_COMPILER_APPICON_NAME = AppIcon;
				CODE_SIGN_STYLE = Automatic;
				DEVELOPMENT_TEAM = CTAFH43K36;
				INFOPLIST_FILE = CoreDataTemplate/Info.plist;
				LD_RUNPATH_SEARCH_PATHS = (
					"$(inherited)",
					"@executable_path/Frameworks",
				);
				PRODUCT_BUNDLE_IDENTIFIER = br.academy.maatheusgois.CoreDataTemplate;
				PRODUCT_NAME = "$(TARGET_NAME)";
				SWIFT_VERSION = 5.0;
				TARGETED_DEVICE_FAMILY = "1,2";
			};
			name = Debug;
		};
		8687DC4D227CCACF00D29D82 /* Release */ = {
			isa = XCBuildConfiguration;
			buildSettings = {
				ASSETCATALOG_COMPILER_APPICON_NAME = AppIcon;
				CODE_SIGN_STYLE = Automatic;
				DEVELOPMENT_TEAM = CTAFH43K36;
				INFOPLIST_FILE = CoreDataTemplate/Info.plist;
				LD_RUNPATH_SEARCH_PATHS = (
					"$(inherited)",
					"@executable_path/Frameworks",
				);
				PRODUCT_BUNDLE_IDENTIFIER = br.academy.maatheusgois.CoreDataTemplate;
				PRODUCT_NAME = "$(TARGET_NAME)";
				SWIFT_VERSION = 5.0;
				TARGETED_DEVICE_FAMILY = "1,2";
			};
			name = Release;
		};
/* End XCBuildConfiguration section */

/* Begin XCConfigurationList section */
		8687DC34227CCACD00D29D82 /* Build configuration list for PBXProject "CoreDataTemplate" */ = {
			isa = XCConfigurationList;
			buildConfigurations = (
				8687DC49227CCACF00D29D82 /* Debug */,
				8687DC4A227CCACF00D29D82 /* Release */,
			);
			defaultConfigurationIsVisible = 0;
			defaultConfigurationName = Release;
		};
		8687DC4B227CCACF00D29D82 /* Build configuration list for PBXNativeTarget "CoreDataTemplate" */ = {
			isa = XCConfigurationList;
			buildConfigurations = (
				8687DC4C227CCACF00D29D82 /* Debug */,
				8687DC4D227CCACF00D29D82 /* Release */,
			);
			defaultConfigurationIsVisible = 0;
			defaultConfigurationName = Release;
		};
/* End XCConfigurationList section */

/* Begin XCVersionGroup section */
		8687DC4E227CCAF400D29D82 /* Model.xcdatamodeld */ = {
			isa = XCVersionGroup;
			children = (
				8687DC4F227CCAF400D29D82 /* Model.xcdatamodel */,
			);
			currentVersion = 8687DC4F227CCAF400D29D82 /* Model.xcdatamodel */;
			path = Model.xcdatamodeld;
			sourceTree = "<group>";
			versionGroupType = wrapper.xcdatamodel;
		};
/* End XCVersionGroup section */
	};
	rootObject = 8687DC31227CCACD00D29D82 /* Project object */;
}
